# THIS IS AN AUTOGENERATED FILE. DO NOT EDIT THIS FILE DIRECTLY.
# yarn lockfile v1


"@tsconfig/node16@^1.0.2":
  version "1.0.2"
  resolved "https://registry.yarnpkg.com/@tsconfig/node16/-/node16-1.0.2.tgz#423c77877d0569db20e1fc80885ac4118314010e"
  integrity sha512-eZxlbI8GZscaGS7kkc/trHTT5xgrjH3/1n2JDwusC9iahPKWMRvRjJSAN5mCXviuTGQ/lHnhvv8Q1YTpnfz9gA==

"@types/node@16":
  version "16.11.34"
  resolved "https://registry.yarnpkg.com/@types/node/-/node-16.11.34.tgz#520224e4be4448c279ecad09639ab460cc441a50"
  integrity sha512-UrWGDyLAlQ2Z8bNOGWTsqbP9ZcBeTYBVuTRNxXTztBy5KhWUFI3BaeDWoCP/CzV/EVGgO1NTYzv9ZytBI9GAEw==

turbo-darwin-64@1.2.8:
  version "1.2.8"
  resolved "https://registry.yarnpkg.com/turbo-darwin-64/-/turbo-darwin-64-1.2.8.tgz#c5924410087c936d1b029125a5b6352e4883b212"
  integrity sha512-W46D05e1EUBE5TpRYjAHZXvR01EGhY8AcZUZa1mQCLmOb/W3knS1jHDAMEfXoPuDhdlolejEcbSHFCmqFRQ6OQ==

turbo-darwin-arm64@1.2.8:
  version "1.2.8"
  resolved "https://registry.yarnpkg.com/turbo-darwin-arm64/-/turbo-darwin-arm64-1.2.8.tgz#68489df33d216fde27666a83244578a444760b73"
  integrity sha512-hDcbQzUnKDa5j+MPnt8hbhcENeGD+dxee9O8LkRUGgHFQzqME0YVZsRDwwMCnpRSmr9ZlvZYQJPRELhBdary9Q==

turbo-freebsd-64@1.2.8:
  version "1.2.8"
  resolved "https://registry.yarnpkg.com/turbo-freebsd-64/-/turbo-freebsd-64-1.2.8.tgz#ec25a38c603d6a166174d46dbf9d75c3bead7fa4"
  integrity sha512-Bd91gNJ9QdsJOjGTpY0YYIa/BIS9BP21gKcpcjZHl4pRpPHraeT9M+RYtpv9bWH3BUWYf0HUzfagOHubrkKq+g==

turbo-freebsd-arm64@1.2.8:
  version "1.2.8"
  resolved "https://registry.yarnpkg.com/turbo-freebsd-arm64/-/turbo-freebsd-arm64-1.2.8.tgz#e03f36f91d87322bfac861c6e62fdd9b0114ae20"
  integrity sha512-T+fVnbZNFfQ990F8xazsC16EkV98PkQy091NDKYqbYD6C+PtyV6VpAXX61XDzw01JVJ0GxH/8eiLNttP5lfmnA==

turbo-linux-32@1.2.8:
  version "1.2.8"
  resolved "https://registry.yarnpkg.com/turbo-linux-32/-/turbo-linux-32-1.2.8.tgz#2259e2336767549e43826ac26f7da78b24851a85"
  integrity sha512-wdhssIJQJfYPz9x4XTWZQSRI0mbzsU0Qf3+4kM2XeGsP9k4mi+1g+4PbGutOLBzIWd9OY619dXz/ut43RWqepA==

turbo-linux-64@1.2.8:
  version "1.2.8"
  resolved "https://registry.yarnpkg.com/turbo-linux-64/-/turbo-linux-64-1.2.8.tgz#a43e4a1be81ec5d9ca0bebeedbab27d22f35c8fd"
  integrity sha512-9OZhxejgl8qQptTUdGnvNXJeFD+I6xF5jkW/tzu5sY9XcdtVvGJ5S4nXYbzG9kPgg4sC6I2gajMCb1l3f5jxSA==

turbo-linux-arm64@1.2.8:
  version "1.2.8"
  resolved "https://registry.yarnpkg.com/turbo-linux-arm64/-/turbo-linux-arm64-1.2.8.tgz#02c7ef3ea69df82a775d152517fef499a3655277"
  integrity sha512-S7Xu5mhEiTOQNVSaERdCEwWn3IdY0hBIBSoU6TNPD8uIR1jw8r2oV/v/hyuNRRbUfq7as+5tmVXW+RXY/dSkEA==

turbo-linux-arm@1.2.8:
  version "1.2.8"
  resolved "https://registry.yarnpkg.com/turbo-linux-arm/-/turbo-linux-arm-1.2.8.tgz#973f801b656a400e88a5bfd07de114591dbad9fc"
  integrity sha512-RFLScvJPiuVoTDl83iCFNhXICi+F26A0dhBRaOdD9xP5CjcRTS7ITrPpfiELZ/oQzDdZpk3kD+6MxJPtWxoUkg==

turbo-linux-mips64le@1.2.8:
  version "1.2.8"
  resolved "https://registry.yarnpkg.com/turbo-linux-mips64le/-/turbo-linux-mips64le-1.2.8.tgz#d3b13be537dd9ece62cf5d4455a9b98ea52402c0"
  integrity sha512-JXakBXqVhQrNwwe9t/qw1XowTxKuwv4zh3XVjIX4lKrIPjZZq4XRb3zjLRmtNK7MOV9VZ6Tg6JGc87CNYtp2eA==

turbo-linux-ppc64le@1.2.8:
  version "1.2.8"
  resolved "https://registry.yarnpkg.com/turbo-linux-ppc64le/-/turbo-linux-ppc64le-1.2.8.tgz#245d2d214a2de9a76b6557474b5e504b34fb7b0a"
  integrity sha512-GBFcyV6y+KHmBCylJmk9/b8YO7O5jknWf3Radva3YYcfihzn7gm6pCWd17ML28ZLMEvJfWEtbHrU4gDFk+k7Mw==

turbo-windows-32@1.2.8:
  version "1.2.8"
  resolved "https://registry.yarnpkg.com/turbo-windows-32/-/turbo-windows-32-1.2.8.tgz#4ccc52150138c4de1d0adff5ffbf154bc51d26fe"
  integrity sha512-z6FSmbPDtDxz0vDbP5Odd1wJx7aACtxQ8XvIRB5sR+dvSCW40RZZLh9LTjWb49y3l7YsnqVdjEE0/bTu56M7hQ==

turbo-windows-64@1.2.8:
  version "1.2.8"
  resolved "https://registry.yarnpkg.com/turbo-windows-64/-/turbo-windows-64-1.2.8.tgz#03e353c34c6aff312665e41d9e3ad25f41b51d6d"
  integrity sha512-RiIy6ZfuEquje7k53DXNI9zR34AN5/8JJwZLnVhPzdqYdth9EXROS9pOKNNnYEvcWoG34xbgISezsxTXzcHVAA==

turbo-windows-arm64@1.2.8:
  version "1.2.8"
  resolved "https://registry.yarnpkg.com/turbo-windows-arm64/-/turbo-windows-arm64-1.2.8.tgz#3710e92bb99d76e62cf3928650710a892157e101"
  integrity sha512-usARU7a51r8bY+Z6d7bO3N+97x2C4d2PftbDQaTTBuHQCdbYoZSKhiTPTJfrij8FaxVWjtfoTBxlTCh3mzuNOQ==

turbo@^1.2.8:
  version "1.2.8"
  resolved "https://registry.yarnpkg.com/turbo/-/turbo-1.2.8.tgz#e2cc53eb62797a22cd6b7b34f47a4494a4793110"
  integrity sha512-Ms5ZvRlTjl3RF+ccWuGK2Gzgm4Zvr6mtaNwtBJR48u8gcDRjg1eSrpkwvCD+ENEVeQ39MxKjNS51ZYPIBnnhUw==
  optionalDependencies:
    turbo-darwin-64 "1.2.8"
    turbo-darwin-arm64 "1.2.8"
    turbo-freebsd-64 "1.2.8"
    turbo-freebsd-arm64 "1.2.8"
    turbo-linux-32 "1.2.8"
    turbo-linux-64 "1.2.8"
    turbo-linux-arm "1.2.8"
    turbo-linux-arm64 "1.2.8"
    turbo-linux-mips64le "1.2.8"
    turbo-linux-ppc64le "1.2.8"
    turbo-windows-32 "1.2.8"
    turbo-windows-64 "1.2.8"
    turbo-windows-arm64 "1.2.8"

typescript@^4.6.4:
  version "4.6.4"
  resolved "https://registry.yarnpkg.com/typescript/-/typescript-4.6.4.tgz#caa78bbc3a59e6a5c510d35703f6a09877ce45e9"
  integrity sha512-9ia/jWHIEbo49HfjrLGfKbZSuWo9iTMwXO+Ca3pRsSpbsMbc7/IU8NKdCZVRRBafVPGnoJeFL76ZOAA84I9fEg==
